
Microsoft Visual Studio Solution File, Format Version 12.00
# Visual Studio Version 17
VisualStudioVersion = 17.5.33627.172
MinimumVisualStudioVersion = 10.0.40219.1
Project("{E24C65DC-7377-472B-9ABA-BC803B73C61A}") = "flexwebsite", "flexwebsite\", "{A36F0151-C7E8-43DD-8B14-5B575FE4BB92}"
	ProjectSection(WebsiteProperties) = preProject
		TargetFrameworkMoniker = ".NETFramework,Version%3Dv4.7.2"
		Debug.AspNetCompiler.VirtualPath = "/localhost_59244"
		Debug.AspNetCompiler.PhysicalPath = "flexwebsite\"
		Debug.AspNetCompiler.TargetPath = "PrecompiledWeb\localhost_59244\"
		Debug.AspNetCompiler.Updateable = "true"
		Debug.AspNetCompiler.ForceOverwrite = "true"
		Debug.AspNetCompiler.FixedNames = "false"
		Debug.AspNetCompiler.Debug = "True"
		Release.AspNetCompiler.VirtualPath = "/localhost_59244"
		Release.AspNetCompiler.PhysicalPath = "flexwebsite\"
		Release.AspNetCompiler.TargetPath = "PrecompiledWeb\localhost_59244\"
		Release.AspNetCompiler.Updateable = "true"
		Release.AspNetCompiler.ForceOverwrite = "true"
		Release.AspNetCompiler.FixedNames = "false"
		Release.AspNetCompiler.Debug = "False"
		VWDPort = "59244"
		SlnRelativePath = "flexwebsite\"
		DefaultWebSiteLanguage = "Visual C#"
	EndProjectSection
EndProject
Global
	GlobalSection(SolutionConfigurationPlatforms) = preSolution
		Debug|Any CPU = Debug|Any CPU
	EndGlobalSection
	GlobalSection(ProjectConfigurationPlatforms) = postSolution
		{A36F0151-C7E8-43DD-8B14-5B575FE4BB92}.Debug|Any CPU.ActiveCfg = Debug|Any CPU
		{A36F0151-C7E8-43DD-8B14-5B575FE4BB92}.Debug|Any CPU.Build.0 = Debug|Any CPU
	EndGlobalSection
	GlobalSection(SolutionProperties) = preSolution
		HideSolutionNode = FALSE
	EndGlobalSection
	GlobalSection(ExtensibilityGlobals) = postSolution
		SolutionGuid = {1D176439-5181-4448-BCB9-BF275CAA97A2}
	EndGlobalSection
EndGlobal
